// !$*UTF8*$!
{
	archiveVersion = 1;
	classes = {
	};
	objectVersion = 48;
	objects = {

/* Begin PBXBuildFile section */
		073932AD20C94B5800B24A7C /* AppDelegate.swift in Sources */ = {isa = PBXBuildFile; fileRef = 073932AC20C94B5800B24A7C /* AppDelegate.swift */; };
		073932AF20C94B5800B24A7C /* ViewController.swift in Sources */ = {isa = PBXBuildFile; fileRef = 073932AE20C94B5800B24A7C /* ViewController.swift */; };
		073932B220C94B5800B24A7C /* Main.storyboard in Resources */ = {isa = PBXBuildFile; fileRef = 073932B020C94B5800B24A7C /* Main.storyboard */; };
		073932B420C94B5800B24A7C /* Assets.xcassets in Resources */ = {isa = PBXBuildFile; fileRef = 073932B320C94B5800B24A7C /* Assets.xcassets */; };
		073932B720C94B5800B24A7C /* LaunchScreen.storyboard in Resources */ = {isa = PBXBuildFile; fileRef = 073932B520C94B5800B24A7C /* LaunchScreen.storyboard */; };
		073932C320C94B8000B24A7C /* ResponseModel.swift in Sources */ = {isa = PBXBuildFile; fileRef = 073932BF20C94B8000B24A7C /* ResponseModel.swift */; };
		073932C420C94B8000B24A7C /* ServiceAdapter.swift in Sources */ = {isa = PBXBuildFile; fileRef = 073932C020C94B8000B24A7C /* ServiceAdapter.swift */; };
/* End PBXBuildFile section */

/* Begin PBXFileReference section */
		073932A920C94B5800B24A7C /* ServiceAdapter.app */ = {isa = PBXFileReference; explicitFileType = wrapper.application; includeInIndex = 0; path = ServiceAdapter.app; sourceTree = BUILT_PRODUCTS_DIR; };
		073932AC20C94B5800B24A7C /* AppDelegate.swift */ = {isa = PBXFileReference; lastKnownFileType = sourcecode.swift; path = AppDelegate.swift; sourceTree = "<group>"; };
		073932AE20C94B5800B24A7C /* ViewController.swift */ = {isa = PBXFileReference; lastKnownFileType = sourcecode.swift; path = ViewController.swift; sourceTree = "<group>"; };
		073932B120C94B5800B24A7C /* Base */ = {isa = PBXFileReference; lastKnownFileType = file.storyboard; name = Base; path = Base.lproj/Main.storyboard; sourceTree = "<group>"; };
		073932B320C94B5800B24A7C /* Assets.xcassets */ = {isa = PBXFileReference; lastKnownFileType = folder.assetcatalog; path = Assets.xcassets; sourceTree = "<group>"; };
		073932B620C94B5800B24A7C /* Base */ = {isa = PBXFileReference; lastKnownFileType = file.storyboard; name = Base; path = Base.lproj/LaunchScreen.storyboard; sourceTree = "<group>"; };
		073932B820C94B5800B24A7C /* Info.plist */ = {isa = PBXFileReference; lastKnownFileType = text.plist.xml; path = Info.plist; sourceTree = "<group>"; };
		073932BF20C94B8000B24A7C /* ResponseModel.swift */ = {isa = PBXFileReference; fileEncoding = 4; lastKnownFileType = sourcecode.swift; path = ResponseModel.swift; sourceTree = "<group>"; };
		073932C020C94B8000B24A7C /* ServiceAdapter.swift */ = {isa = PBXFileReference; fileEncoding = 4; lastKnownFileType = sourcecode.swift; path = ServiceAdapter.swift; sourceTree = "<group>"; };
/* End PBXFileReference section */

/* Begin PBXFrameworksBuildPhase section */
		073932A620C94B5800B24A7C /* Frameworks */ = {
			isa = PBXFrameworksBuildPhase;
			buildActionMask = 2147483647;
			files = (
			);
			runOnlyForDeploymentPostprocessing = 0;
		};
/* End PBXFrameworksBuildPhase section */

/* Begin PBXGroup section */
		073932A020C94B5800B24A7C = {
			isa = PBXGroup;
			children = (
				073932AB20C94B5800B24A7C /* ServiceAdapter */,
				073932AA20C94B5800B24A7C /* Products */,
			);
			sourceTree = "<group>";
		};
		073932AA20C94B5800B24A7C /* Products */ = {
			isa = PBXGroup;
			children = (
				073932A920C94B5800B24A7C /* ServiceAdapter.app */,
			);
			name = Products;
			sourceTree = "<group>";
		};
		073932AB20C94B5800B24A7C /* ServiceAdapter */ = {
			isa = PBXGroup;
			children = (
				073932BE20C94B8000B24A7C /* ServiceLayer */,
				073932AC20C94B5800B24A7C /* AppDelegate.swift */,
				073932AE20C94B5800B24A7C /* ViewController.swift */,
				073932B020C94B5800B24A7C /* Main.storyboard */,
				073932B320C94B5800B24A7C /* Assets.xcassets */,
				073932B520C94B5800B24A7C /* LaunchScreen.storyboard */,
				073932B820C94B5800B24A7C /* Info.plist */,
			);
			path = ServiceAdapter;
			sourceTree = "<group>";
		};
		073932BE20C94B8000B24A7C /* ServiceLayer */ = {
			isa = PBXGroup;
			children = (
				073932BF20C94B8000B24A7C /* ResponseModel.swift */,
				073932C020C94B8000B24A7C /* ServiceAdapter.swift */,
			);
			path = ServiceLayer;
			sourceTree = "<group>";
		};
/* End PBXGroup section */

/* Begin PBXNativeTarget section */
		073932A820C94B5800B24A7C /* ServiceAdapter */ = {
			isa = PBXNativeTarget;
			buildConfigurationList = 073932BB20C94B5800B24A7C /* Build configuration list for PBXNativeTarget "ServiceAdapter" */;
			buildPhases = (
				073932A520C94B5800B24A7C /* Sources */,
				073932A620C94B5800B24A7C /* Frameworks */,
				073932A720C94B5800B24A7C /* Resources */,
			);
			buildRules = (
			);
			dependencies = (
			);
			name = ServiceAdapter;
			productName = ServiceAdapter;
			productReference = 073932A920C94B5800B24A7C /* ServiceAdapter.app */;
			productType = "com.apple.product-type.application";
		};
/* End PBXNativeTarget section */

/* Begin PBXProject section */
		073932A120C94B5800B24A7C /* Project object */ = {
			isa = PBXProject;
			attributes = {
				LastSwiftUpdateCheck = 0910;
				LastUpgradeCheck = 0910;
				ORGANIZATIONNAME = neeraj;
				TargetAttributes = {
					073932A820C94B5800B24A7C = {
						CreatedOnToolsVersion = 9.1;
						ProvisioningStyle = Automatic;
					};
				};
			};
			buildConfigurationList = 073932A420C94B5800B24A7C /* Build configuration list for PBXProject "ServiceAdapter" */;
			compatibilityVersion = "Xcode 8.0";
			developmentRegion = en;
			hasScannedForEncodings = 0;
			knownRegions = (
				en,
				Base,
			);
			mainGroup = 073932A020C94B5800B24A7C;
			productRefGroup = 073932AA20C94B5800B24A7C /* Products */;
			projectDirPath = "";
			projectRoot = "";
			targets = (
				073932A820C94B5800B24A7C /* ServiceAdapter */,
			);
		};
/* End PBXProject section */

/* Begin PBXResourcesBuildPhase section */
		073932A720C94B5800B24A7C /* Resources */ = {
			isa = PBXResourcesBuildPhase;
			buildActionMask = 2147483647;
			files = (
				073932B720C94B5800B24A7C /* LaunchScreen.storyboard in Resources */,
				073932B420C94B5800B24A7C /* Assets.xcassets in Resources */,
				073932B220C94B5800B24A7C /* Main.storyboard in Resources */,
			);
			runOnlyForDeploymentPostprocessing = 0;
		};
/* End PBXResourcesBuildPhase section */

/* Begin PBXSourcesBuildPhase section */
		073932A520C94B5800B24A7C /* Sources */ = {
			isa = PBXSourcesBuildPhase;
			buildActionMask = 2147483647;
			files = (
				073932AF20C94B5800B24A7C /* ViewController.swift in Sources */,
				073932C420C94B8000B24A7C /* ServiceAdapter.swift in Sources */,
				073932C320C94B8000B24A7C /* ResponseModel.swift in Sources */,
				073932AD20C94B5800B24A7C /* AppDelegate.swift in Sources */,
			);
			runOnlyForDeploymentPostprocessing = 0;
		};
/* End PBXSourcesBuildPhase section */

/* Begin PBXVariantGroup section */
		073932B020C94B5800B24A7C /* Main.storyboard */ = {
			isa = PBXVariantGroup;
			children = (
				073932B120C94B5800B24A7C /* Base */,
			);
			name = Main.storyboard;
			sourceTree = "<group>";
		};
		073932B520C94B5800B24A7C /* LaunchScreen.storyboard */ = {
			isa = PBXVariantGroup;
			children = (
				073932B620C94B5800B24A7C /* Base */,
			);
			name = LaunchScreen.storyboard;
			sourceTree = "<group>";
		};
/* End PBXVariantGroup section */

/* Begin XCBuildConfiguration section */
		073932B920C94B5800B24A7C /* Debug */ = {
			isa = XCBuildConfiguration;
			buildSettings = {
				ALWAYS_SEARCH_USER_PATHS = NO;
				CLANG_ANALYZER_NONNULL = YES;
				CLANG_ANALYZER_NUMBER_OBJECT_CONVERSION = YES_AGGRESSIVE;
				CLANG_CXX_LANGUAGE_STANDARD = "gnu++14";
				CLANG_CXX_LIBRARY = "libc++";
				CLANG_ENABLE_MODULES = YES;
				CLANG_ENABLE_OBJC_ARC = YES;
				CLANG_WARN_BLOCK_CAPTURE_AUTORELEASING = YES;
				CLANG_WARN_BOOL_CONVERSION = YES;
				CLANG_WARN_COMMA = YES;
				CLANG_WARN_CONSTANT_CONVERSION = YES;
				CLANG_WARN_DIRECT_OBJC_ISA_USAGE = YES_ERROR;
				CLANG_WARN_DOCUMENTATION_COMMENTS = YES;
				CLANG_WARN_EMPTY_BODY = YES;
				CLANG_WARN_ENUM_CONVERSION = YES;
				CLANG_WARN_INFINITE_RECURSION = YES;
				CLANG_WARN_INT_CONVERSION = YES;
				CLANG_WARN_NON_LITERAL_NULL_CONVERSION = YES;
				CLANG_WARN_OBJC_LITERAL_CONVERSION = YES;
				CLANG_WARN_OBJC_ROOT_CLASS = YES_ERROR;
				CLANG_WARN_RANGE_LOOP_ANALYSIS = YES;
				CLANG_WARN_STRICT_PROTOTYPES = YES;
				CLANG_WARN_SUSPICIOUS_MOVE = YES;
				CLANG_WARN_UNGUARDED_AVAILABILITY = YES_AGGRESSIVE;
				CLANG_WARN_UNREACHABLE_CODE = YES;
				CLANG_WARN__DUPLICATE_METHOD_MATCH = YES;
				CODE_SIGN_IDENTITY = "iPhone Developer";
				COPY_PHASE_STRIP = NO;
				DEBUG_INFORMATION_FORMAT = dwarf;
				ENABLE_STRICT_OBJC_MSGSEND = YES;
				ENABLE_TESTABILITY = YES;
				GCC_C_LANGUAGE_STANDARD = gnu11;
				GCC_DYNAMIC_NO_PIC = NO;
				GCC_NO_COMMON_BLOCKS = YES;
				GCC_OPTIMIZATION_LEVEL = 0;
				GCC_PREPROCESSOR_DEFINITIONS = (
					"DEBUG=1",
					"$(inherited)",
				);
				GCC_WARN_64_TO_32_BIT_CONVERSION = YES;
				GCC_WARN_ABOUT_RETURN_TYPE = YES_ERROR;
				GCC_WARN_UNDECLARED_SELECTOR = YES;
				GCC_WARN_UNINITIALIZED_AUTOS = YES_AGGRESSIVE;
				GCC_WARN_UNUSED_FUNCTION = YES;
				GCC_WARN_UNUSED_VARIABLE = YES;
				IPHONEOS_DEPLOYMENT_TARGET = 11.1;
				MTL_ENABLE_DEBUG_INFO = YES;
				ONLY_ACTIVE_ARCH = YES;
				SDKROOT = iphoneos;
				SWIFT_ACTIVE_COMPILATION_CONDITIONS = DEBUG;
				SWIFT_OPTIMIZATION_LEVEL = "-Onone";
			};
			name = Debug;
		};
		073932BA20C94B5800B24A7C /* Release */ = {
			isa = XCBuildConfiguration;
			buildSettings = {
				ALWAYS_SEARCH_USER_PATHS = NO;
				CLANG_ANALYZER_NONNULL = YES;
				CLANG_ANALYZER_NUMBER_OBJECT_CONVERSION = YES_AGGRESSIVE;
				CLANG_CXX_LANGUAGE_STANDARD = "gnu++14";
				CLANG_CXX_LIBRARY = "libc++";
				CLANG_ENABLE_MODULES = YES;
				CLANG_ENABLE_OBJC_ARC = YES;
				CLANG_WARN_BLOCK_CAPTURE_AUTORELEASING = YES;
				CLANG_WARN_BOOL_CONVERSION = YES;
				CLANG_WARN_COMMA = YES;
				CLANG_WARN_CONSTANT_CONVERSION = YES;
				CLANG_WARN_DIRECT_OBJC_ISA_USAGE = YES_ERROR;
				CLANG_WARN_DOCUMENTATION_COMMENTS = YES;
				CLANG_WARN_EMPTY_BODY = YES;
				CLANG_WARN_ENUM_CONVERSION = YES;
				CLANG_WARN_INFINITE_RECURSION = YES;
				CLANG_WARN_INT_CONVERSION = YES;
				CLANG_WARN_NON_LITERAL_NULL_CONVERSION = YES;
				CLANG_WARN_OBJC_LITERAL_CONVERSION = YES;
				CLANG_WARN_OBJC_ROOT_CLASS = YES_ERROR;
				CLANG_WARN_RANGE_LOOP_ANALYSIS = YES;
				CLANG_WARN_STRICT_PROTOTYPES = YES;
				CLANG_WARN_SUSPICIOUS_MOVE = YES;
				CLANG_WARN_UNGUARDED_AVAILABILITY = YES_AGGRESSIVE;
				CLANG_WARN_UNREACHABLE_CODE = YES;
				CLANG_WARN__DUPLICATE_METHOD_MATCH = YES;
				CODE_SIGN_IDENTITY = "iPhone Developer";
				COPY_PHASE_STRIP = NO;
				DEBUG_INFORMATION_FORMAT = "dwarf-with-dsym";
				ENABLE_NS_ASSERTIONS = NO;
				ENABLE_STRICT_OBJC_MSGSEND = YES;
				GCC_C_LANGUAGE_STANDARD = gnu11;
				GCC_NO_COMMON_BLOCKS = YES;
				GCC_WARN_64_TO_32_BIT_CONVERSION = YES;
				GCC_WARN_ABOUT_RETURN_TYPE = YES_ERROR;
				GCC_WARN_UNDECLARED_SELECTOR = YES;
				GCC_WARN_UNINITIALIZED_AUTOS = YES_AGGRESSIVE;
				GCC_WARN_UNUSED_FUNCTION = YES;
				GCC_WARN_UNUSED_VARIABLE = YES;
				IPHONEOS_DEPLOYMENT_TARGET = 11.1;
				MTL_ENABLE_DEBUG_INFO = NO;
				SDKROOT = iphoneos;
				SWIFT_OPTIMIZATION_LEVEL = "-Owholemodule";
				VALIDATE_PRODUCT = YES;
			};
			name = Release;
		};
		073932BC20C94B5800B24A7C /* Debug */ = {
			isa = XCBuildConfiguration;
			buildSettings = {
				ASSETCATALOG_COMPILER_APPICON_NAME = AppIcon;
				CODE_SIGN_STYLE = Automatic;
				INFOPLIST_FILE = ServiceAdapter/Info.plist;
				LD_RUNPATH_SEARCH_PATHS = "$(inherited) @executable_path/Frameworks";
				PRODUCT_BUNDLE_IDENTIFIER = npderc.ServiceAdapter;
				PRODUCT_NAME = "$(TARGET_NAME)";
				SWIFT_VERSION = 4.0;
				TARGETED_DEVICE_FAMILY = "1,2";
			};
			name = Debug;
		};
		073932BD20C94B5800B24A7C /* Release */ = {
			isa = XCBuildConfiguration;
			buildSettings = {
				ASSETCATALOG_COMPILER_APPICON_NAME = AppIcon;
				CODE_SIGN_STYLE = Automatic;
				INFOPLIST_FILE = ServiceAdapter/Info.plist;
				LD_RUNPATH_SEARCH_PATHS = "$(inherited) @executable_path/Frameworks";
				PRODUCT_BUNDLE_IDENTIFIER = npderc.ServiceAdapter;
				PRODUCT_NAME = "$(TARGET_NAME)";
				SWIFT_VERSION = 4.0;
				TARGETED_DEVICE_FAMILY = "1,2";
			};
			name = Release;
		};
/* End XCBuildConfiguration section */

/* Begin XCConfigurationList section */
		073932A420C94B5800B24A7C /* Build configuration list for PBXProject "ServiceAdapter" */ = {
			isa = XCConfigurationList;
			buildConfigurations = (
				073932B920C94B5800B24A7C /* Debug */,
				073932BA20C94B5800B24A7C /* Release */,
			);
			defaultConfigurationIsVisible = 0;
			defaultConfigurationName = Release;
		};
		073932BB20C94B5800B24A7C /* Build configuration list for PBXNativeTarget "ServiceAdapter" */ = {
			isa = XCConfigurationList;
			buildConfigurations = (
				073932BC20C94B5800B24A7C /* Debug */,
				073932BD20C94B5800B24A7C /* Release */,
			);
			defaultConfigurationIsVisible = 0;
			defaultConfigurationName = Release;
		};
/* End XCConfigurationList section */
	};
	rootObject = 073932A120C94B5800B24A7C /* Project object */;
}
